// !$*UTF8*$!
{
	archiveVersion = 1;
	classes = {
	};
	objectVersion = 50;
	objects = {

/* Begin PBXBuildFile section */
		98CC193420B4B7E40083FB9A /* AppDelegate.swift in Sources */ = {isa = PBXBuildFile; fileRef = 98CC193320B4B7E40083FB9A /* AppDelegate.swift */; };
		98CC193620B4B7E40083FB9A /* MYOAViewController.swift in Sources */ = {isa = PBXBuildFile; fileRef = 98CC193520B4B7E40083FB9A /* MYOAViewController.swift */; };
		98CC193920B4B7E40083FB9A /* Main.storyboard in Resources */ = {isa = PBXBuildFile; fileRef = 98CC193720B4B7E40083FB9A /* Main.storyboard */; };
		98CC193B20B4B7E60083FB9A /* Assets.xcassets in Resources */ = {isa = PBXBuildFile; fileRef = 98CC193A20B4B7E60083FB9A /* Assets.xcassets */; };
		98CC193E20B4B7E60083FB9A /* LaunchScreen.storyboard in Resources */ = {isa = PBXBuildFile; fileRef = 98CC193C20B4B7E60083FB9A /* LaunchScreen.storyboard */; };
/* End PBXBuildFile section */

/* Begin PBXFileReference section */
		98CC193020B4B7E40083FB9A /* MakeYourOwnAdventure.app */ = {isa = PBXFileReference; explicitFileType = wrapper.application; includeInIndex = 0; path = MakeYourOwnAdventure.app; sourceTree = BUILT_PRODUCTS_DIR; };
		98CC193320B4B7E40083FB9A /* AppDelegate.swift */ = {isa = PBXFileReference; lastKnownFileType = sourcecode.swift; path = AppDelegate.swift; sourceTree = "<group>"; };
		98CC193520B4B7E40083FB9A /* MYOAViewController.swift */ = {isa = PBXFileReference; lastKnownFileType = sourcecode.swift; path = MYOAViewController.swift; sourceTree = "<group>"; };
		98CC193820B4B7E40083FB9A /* Base */ = {isa = PBXFileReference; lastKnownFileType = file.storyboard; name = Base; path = Base.lproj/Main.storyboard; sourceTree = "<group>"; };
		98CC193A20B4B7E60083FB9A /* Assets.xcassets */ = {isa = PBXFileReference; lastKnownFileType = folder.assetcatalog; path = Assets.xcassets; sourceTree = "<group>"; };
		98CC193D20B4B7E60083FB9A /* Base */ = {isa = PBXFileReference; lastKnownFileType = file.storyboard; name = Base; path = Base.lproj/LaunchScreen.storyboard; sourceTree = "<group>"; };
		98CC193F20B4B7E60083FB9A /* Info.plist */ = {isa = PBXFileReference; lastKnownFileType = text.plist.xml; path = Info.plist; sourceTree = "<group>"; };
/* End PBXFileReference section */

/* Begin PBXFrameworksBuildPhase section */
		98CC192D20B4B7E40083FB9A /* Frameworks */ = {
			isa = PBXFrameworksBuildPhase;
			buildActionMask = 2147483647;
			files = (
			);
			runOnlyForDeploymentPostprocessing = 0;
		};
/* End PBXFrameworksBuildPhase section */

/* Begin PBXGroup section */
		98CC192720B4B7E40083FB9A = {
			isa = PBXGroup;
			children = (
				98CC193220B4B7E40083FB9A /* MakeYourOwnAdventure */,
				98CC193120B4B7E40083FB9A /* Products */,
			);
			sourceTree = "<group>";
		};
		98CC193120B4B7E40083FB9A /* Products */ = {
			isa = PBXGroup;
			children = (
				98CC193020B4B7E40083FB9A /* MakeYourOwnAdventure.app */,
			);
			name = Products;
			sourceTree = "<group>";
		};
		98CC193220B4B7E40083FB9A /* MakeYourOwnAdventure */ = {
			isa = PBXGroup;
			children = (
				98CC193320B4B7E40083FB9A /* AppDelegate.swift */,
				98CC193520B4B7E40083FB9A /* MYOAViewController.swift */,
				98CC193720B4B7E40083FB9A /* Main.storyboard */,
				98CC193A20B4B7E60083FB9A /* Assets.xcassets */,
				98CC193C20B4B7E60083FB9A /* LaunchScreen.storyboard */,
				98CC193F20B4B7E60083FB9A /* Info.plist */,
			);
			path = MakeYourOwnAdventure;
			sourceTree = "<group>";
		};
/* End PBXGroup section */

/* Begin PBXNativeTarget section */
		98CC192F20B4B7E40083FB9A /* MakeYourOwnAdventure */ = {
			isa = PBXNativeTarget;
			buildConfigurationList = 98CC194220B4B7E60083FB9A /* Build configuration list for PBXNativeTarget "MakeYourOwnAdventure" */;
			buildPhases = (
				98CC192C20B4B7E40083FB9A /* Sources */,
				98CC192D20B4B7E40083FB9A /* Frameworks */,
				98CC192E20B4B7E40083FB9A /* Resources */,
			);
			buildRules = (
			);
			dependencies = (
			);
			name = MakeYourOwnAdventure;
			productName = MakeYourOwnAdventure;
			productReference = 98CC193020B4B7E40083FB9A /* MakeYourOwnAdventure.app */;
			productType = "com.apple.product-type.application";
		};
/* End PBXNativeTarget section */

/* Begin PBXProject section */
		98CC192820B4B7E40083FB9A /* Project object */ = {
			isa = PBXProject;
			attributes = {
				LastSwiftUpdateCheck = 0930;
				LastUpgradeCheck = 0930;
				ORGANIZATIONNAME = "Kim Lyndon";
				TargetAttributes = {
					98CC192F20B4B7E40083FB9A = {
						CreatedOnToolsVersion = 9.3.1;
					};
				};
			};
			buildConfigurationList = 98CC192B20B4B7E40083FB9A /* Build configuration list for PBXProject "MakeYourOwnAdventure" */;
			compatibilityVersion = "Xcode 9.3";
			developmentRegion = en;
			hasScannedForEncodings = 0;
			knownRegions = (
				en,
				Base,
			);
			mainGroup = 98CC192720B4B7E40083FB9A;
			productRefGroup = 98CC193120B4B7E40083FB9A /* Products */;
			projectDirPath = "";
			projectRoot = "";
			targets = (
				98CC192F20B4B7E40083FB9A /* MakeYourOwnAdventure */,
			);
		};
/* End PBXProject section */

/* Begin PBXResourcesBuildPhase section */
		98CC192E20B4B7E40083FB9A /* Resources */ = {
			isa = PBXResourcesBuildPhase;
			buildActionMask = 2147483647;
			files = (
				98CC193E20B4B7E60083FB9A /* LaunchScreen.storyboard in Resources */,
				98CC193B20B4B7E60083FB9A /* Assets.xcassets in Resources */,
				98CC193920B4B7E40083FB9A /* Main.storyboard in Resources */,
			);
			runOnlyForDeploymentPostprocessing = 0;
		};
/* End PBXResourcesBuildPhase section */

/* Begin PBXSourcesBuildPhase section */
		98CC192C20B4B7E40083FB9A /* Sources */ = {
			isa = PBXSourcesBuildPhase;
			buildActionMask = 2147483647;
			files = (
				98CC193620B4B7E40083FB9A /* MYOAViewController.swift in Sources */,
				98CC193420B4B7E40083FB9A /* AppDelegate.swift in Sources */,
			);
			runOnlyForDeploymentPostprocessing = 0;
		};
/* End PBXSourcesBuildPhase section */

/* Begin PBXVariantGroup section */
		98CC193720B4B7E40083FB9A /* Main.storyboard */ = {
			isa = PBXVariantGroup;
			children = (
				98CC193820B4B7E40083FB9A /* Base */,
			);
			name = Main.storyboard;
			sourceTree = "<group>";
		};
		98CC193C20B4B7E60083FB9A /* LaunchScreen.storyboard */ = {
			isa = PBXVariantGroup;
			children = (
				98CC193D20B4B7E60083FB9A /* Base */,
			);
			name = LaunchScreen.storyboard;
			sourceTree = "<group>";
		};
/* End PBXVariantGroup section */

/* Begin XCBuildConfiguration section */
		98CC194020B4B7E60083FB9A /* Debug */ = {
			isa = XCBuildConfiguration;
			buildSettings = {
				ALWAYS_SEARCH_USER_PATHS = NO;
				CLANG_ANALYZER_NONNULL = YES;
				CLANG_ANALYZER_NUMBER_OBJECT_CONVERSION = YES_AGGRESSIVE;
				CLANG_CXX_LANGUAGE_STANDARD = "gnu++14";
				CLANG_CXX_LIBRARY = "libc++";
				CLANG_ENABLE_MODULES = YES;
				CLANG_ENABLE_OBJC_ARC = YES;
				CLANG_ENABLE_OBJC_WEAK = YES;
				CLANG_WARN_BLOCK_CAPTURE_AUTORELEASING = YES;
				CLANG_WARN_BOOL_CONVERSION = YES;
				CLANG_WARN_COMMA = YES;
				CLANG_WARN_CONSTANT_CONVERSION = YES;
				CLANG_WARN_DEPRECATED_OBJC_IMPLEMENTATIONS = YES;
				CLANG_WARN_DIRECT_OBJC_ISA_USAGE = YES_ERROR;
				CLANG_WARN_DOCUMENTATION_COMMENTS = YES;
				CLANG_WARN_EMPTY_BODY = YES;
				CLANG_WARN_ENUM_CONVERSION = YES;
				CLANG_WARN_INFINITE_RECURSION = YES;
				CLANG_WARN_INT_CONVERSION = YES;
				CLANG_WARN_NON_LITERAL_NULL_CONVERSION = YES;
				CLANG_WARN_OBJC_IMPLICIT_RETAIN_SELF = YES;
				CLANG_WARN_OBJC_LITERAL_CONVERSION = YES;
				CLANG_WARN_OBJC_ROOT_CLASS = YES_ERROR;
				CLANG_WARN_RANGE_LOOP_ANALYSIS = YES;
				CLANG_WARN_STRICT_PROTOTYPES = YES;
				CLANG_WARN_SUSPICIOUS_MOVE = YES;
				CLANG_WARN_UNGUARDED_AVAILABILITY = YES_AGGRESSIVE;
				CLANG_WARN_UNREACHABLE_CODE = YES;
				CLANG_WARN__DUPLICATE_METHOD_MATCH = YES;
				CODE_SIGN_IDENTITY = "iPhone Developer";
				COPY_PHASE_STRIP = NO;
				DEBUG_INFORMATION_FORMAT = dwarf;
				ENABLE_STRICT_OBJC_MSGSEND = YES;
				ENABLE_TESTABILITY = YES;
				GCC_C_LANGUAGE_STANDARD = gnu11;
				GCC_DYNAMIC_NO_PIC = NO;
				GCC_NO_COMMON_BLOCKS = YES;
				GCC_OPTIMIZATION_LEVEL = 0;
				GCC_PREPROCESSOR_DEFINITIONS = (
					"DEBUG=1",
					"$(inherited)",
				);
				GCC_WARN_64_TO_32_BIT_CONVERSION = YES;
				GCC_WARN_ABOUT_RETURN_TYPE = YES_ERROR;
				GCC_WARN_UNDECLARED_SELECTOR = YES;
				GCC_WARN_UNINITIALIZED_AUTOS = YES_AGGRESSIVE;
				GCC_WARN_UNUSED_FUNCTION = YES;
				GCC_WARN_UNUSED_VARIABLE = YES;
				IPHONEOS_DEPLOYMENT_TARGET = 11.3;
				MTL_ENABLE_DEBUG_INFO = YES;
				ONLY_ACTIVE_ARCH = YES;
				SDKROOT = iphoneos;
				SWIFT_ACTIVE_COMPILATION_CONDITIONS = DEBUG;
				SWIFT_OPTIMIZATION_LEVEL = "-Onone";
			};
			name = Debug;
		};
		98CC194120B4B7E60083FB9A /* Release */ = {
			isa = XCBuildConfiguration;
			buildSettings = {
				ALWAYS_SEARCH_USER_PATHS = NO;
				CLANG_ANALYZER_NONNULL = YES;
				CLANG_ANALYZER_NUMBER_OBJECT_CONVERSION = YES_AGGRESSIVE;
				CLANG_CXX_LANGUAGE_STANDARD = "gnu++14";
				CLANG_CXX_LIBRARY = "libc++";
				CLANG_ENABLE_MODULES = YES;
				CLANG_ENABLE_OBJC_ARC = YES;
				CLANG_ENABLE_OBJC_WEAK = YES;
				CLANG_WARN_BLOCK_CAPTURE_AUTORELEASING = YES;
				CLANG_WARN_BOOL_CONVERSION = YES;
				CLANG_WARN_COMMA = YES;
				CLANG_WARN_CONSTANT_CONVERSION = YES;
				CLANG_WARN_DEPRECATED_OBJC_IMPLEMENTATIONS = YES;
				CLANG_WARN_DIRECT_OBJC_ISA_USAGE = YES_ERROR;
				CLANG_WARN_DOCUMENTATION_COMMENTS = YES;
				CLANG_WARN_EMPTY_BODY = YES;
				CLANG_WARN_ENUM_CONVERSION = YES;
				CLANG_WARN_INFINITE_RECURSION = YES;
				CLANG_WARN_INT_CONVERSION = YES;
				CLANG_WARN_NON_LITERAL_NULL_CONVERSION = YES;
				CLANG_WARN_OBJC_IMPLICIT_RETAIN_SELF = YES;
				CLANG_WARN_OBJC_LITERAL_CONVERSION = YES;
				CLANG_WARN_OBJC_ROOT_CLASS = YES_ERROR;
				CLANG_WARN_RANGE_LOOP_ANALYSIS = YES;
				CLANG_WARN_STRICT_PROTOTYPES = YES;
				CLANG_WARN_SUSPICIOUS_MOVE = YES;
				CLANG_WARN_UNGUARDED_AVAILABILITY = YES_AGGRESSIVE;
				CLANG_WARN_UNREACHABLE_CODE = YES;
				CLANG_WARN__DUPLICATE_METHOD_MATCH = YES;
				CODE_SIGN_IDENTITY = "iPhone Developer";
				COPY_PHASE_STRIP = NO;
				DEBUG_INFORMATION_FORMAT = "dwarf-with-dsym";
				ENABLE_NS_ASSERTIONS = NO;
				ENABLE_STRICT_OBJC_MSGSEND = YES;
				GCC_C_LANGUAGE_STANDARD = gnu11;
				GCC_NO_COMMON_BLOCKS = YES;
				GCC_WARN_64_TO_32_BIT_CONVERSION = YES;
				GCC_WARN_ABOUT_RETURN_TYPE = YES_ERROR;
				GCC_WARN_UNDECLARED_SELECTOR = YES;
				GCC_WARN_UNINITIALIZED_AUTOS = YES_AGGRESSIVE;
				GCC_WARN_UNUSED_FUNCTION = YES;
				GCC_WARN_UNUSED_VARIABLE = YES;
				IPHONEOS_DEPLOYMENT_TARGET = 11.3;
				MTL_ENABLE_DEBUG_INFO = NO;
				SDKROOT = iphoneos;
				SWIFT_COMPILATION_MODE = wholemodule;
				SWIFT_OPTIMIZATION_LEVEL = "-O";
				VALIDATE_PRODUCT = YES;
			};
			name = Release;
		};
		98CC194320B4B7E60083FB9A /* Debug */ = {
			isa = XCBuildConfiguration;
			buildSettings = {
				ASSETCATALOG_COMPILER_APPICON_NAME = AppIcon;
				CODE_SIGN_STYLE = Automatic;
				DEVELOPMENT_TEAM = 87T6RG3PX5;
				INFOPLIST_FILE = MakeYourOwnAdventure/Info.plist;
				LD_RUNPATH_SEARCH_PATHS = (
					"$(inherited)",
					"@executable_path/Frameworks",
				);
				PRODUCT_BUNDLE_IDENTIFIER = com.KimLyndon.MakeYourOwnAdventure;
				PRODUCT_NAME = "$(TARGET_NAME)";
				SWIFT_VERSION = 4.0;
				TARGETED_DEVICE_FAMILY = "1,2";
			};
			name = Debug;
		};
		98CC194420B4B7E60083FB9A /* Release */ = {
			isa = XCBuildConfiguration;
			buildSettings = {
				ASSETCATALOG_COMPILER_APPICON_NAME = AppIcon;
				CODE_SIGN_STYLE = Automatic;
				DEVELOPMENT_TEAM = 87T6RG3PX5;
				INFOPLIST_FILE = MakeYourOwnAdventure/Info.plist;
				LD_RUNPATH_SEARCH_PATHS = (
					"$(inherited)",
					"@executable_path/Frameworks",
				);
				PRODUCT_BUNDLE_IDENTIFIER = com.KimLyndon.MakeYourOwnAdventure;
				PRODUCT_NAME = "$(TARGET_NAME)";
				SWIFT_VERSION = 4.0;
				TARGETED_DEVICE_FAMILY = "1,2";
			};
			name = Release;
		};
/* End XCBuildConfiguration section */

/* Begin XCConfigurationList section */
		98CC192B20B4B7E40083FB9A /* Build configuration list for PBXProject "MakeYourOwnAdventure" */ = {
			isa = XCConfigurationList;
			buildConfigurations = (
				98CC194020B4B7E60083FB9A /* Debug */,
				98CC194120B4B7E60083FB9A /* Release */,
			);
			defaultConfigurationIsVisible = 0;
			defaultConfigurationName = Release;
		};
		98CC194220B4B7E60083FB9A /* Build configuration list for PBXNativeTarget "MakeYourOwnAdventure" */ = {
			isa = XCConfigurationList;
			buildConfigurations = (
				98CC194320B4B7E60083FB9A /* Debug */,
				98CC194420B4B7E60083FB9A /* Release */,
			);
			defaultConfigurationIsVisible = 0;
			defaultConfigurationName = Release;
		};
/* End XCConfigurationList section */
	};
	rootObject = 98CC192820B4B7E40083FB9A /* Project object */;
}
